
Microsoft Visual Studio Solution File, Format Version 12.00
# Visual Studio Version 17
VisualStudioVersion = 17.10.35027.167
MinimumVisualStudioVersion = 10.0.40219.1
Project("{9A19103F-16F7-4668-BE54-9A1E7A4F7556}") = "FileUpload", "FileUpload\FileUpload.csproj", "{2E592C59-E366-44AC-824D-B11B13B34CA0}"
EndProject
Global
	GlobalSection(SolutionConfigurationPlatforms) = preSolution
		Debug|Any CPU = Debug|Any CPU
		Release|Any CPU = Release|Any CPU
	EndGlobalSection
	GlobalSection(ProjectConfigurationPlatforms) = postSolution
		{2E592C59-E366-44AC-824D-B11B13B34CA0}.Debug|Any CPU.ActiveCfg = Debug|Any CPU
		{2E592C59-E366-44AC-824D-B11B13B34CA0}.Debug|Any CPU.Build.0 = Debug|Any CPU
		{2E592C59-E366-44AC-824D-B11B13B34CA0}.Release|Any CPU.ActiveCfg = Release|Any CPU
		{2E592C59-E366-44AC-824D-B11B13B34CA0}.Release|Any CPU.Build.0 = Release|Any CPU
	EndGlobalSection
	GlobalSection(SolutionProperties) = preSolution
		HideSolutionNode = FALSE
	EndGlobalSection
	GlobalSection(ExtensibilityGlobals) = postSolution
		SolutionGuid = {ED6ECB09-392C-45EB-983D-F9C23819AD24}
	EndGlobalSection
EndGlobal
